
Microsoft Visual Studio Solution File, Format Version 12.00
# Visual Studio 15
VisualStudioVersion = 15.0.26430.16
MinimumVisualStudioVersion = 10.0.40219.1
Project("{FAE04EC0-301F-11D3-BF4B-00C04F79EFBC}") = "AuroraOs.Common", "AuroraOs.Common\AuroraOs.Common.csproj", "{0EF89B58-B02B-49C0-B8B1-0C57AC023CF6}"
EndProject
Project("{FAE04EC0-301F-11D3-BF4B-00C04F79EFBC}") = "AuroraOs.Entities", "AuroraOs.Entities\AuroraOs.Entities.csproj", "{3139FAD6-60B9-4C9E-87FD-6E7DB6958D08}"
EndProject
Project("{FAE04EC0-301F-11D3-BF4B-00C04F79EFBC}") = "AuroraOs.Service", "AuroraOs.Service\AuroraOs.Service.csproj", "{EF1779A9-DC86-44F2-929E-556FD800AE06}"
EndProject
Project("{FAE04EC0-301F-11D3-BF4B-00C04F79EFBC}") = "AuroraOs.Engine", "AuroraOs.Engine\AuroraOs.Engine.csproj", "{D92BD54B-C3C6-4C57-B7BF-BD4E80713D25}"
EndProject
Project("{FAE04EC0-301F-11D3-BF4B-00C04F79EFBC}") = "AuroraOs.Web.Api", "AuroraOs.Web.Api\AuroraOs.Web.Api.csproj", "{25AF7D02-78D9-4C19-869C-93C37BA8813E}"
EndProject
Global
	GlobalSection(SolutionConfigurationPlatforms) = preSolution
		Debug|Any CPU = Debug|Any CPU
		Release|Any CPU = Release|Any CPU
	EndGlobalSection
	GlobalSection(ProjectConfigurationPlatforms) = postSolution
		{0EF89B58-B02B-49C0-B8B1-0C57AC023CF6}.Debug|Any CPU.ActiveCfg = Debug|Any CPU
		{0EF89B58-B02B-49C0-B8B1-0C57AC023CF6}.Debug|Any CPU.Build.0 = Debug|Any CPU
		{0EF89B58-B02B-49C0-B8B1-0C57AC023CF6}.Release|Any CPU.ActiveCfg = Release|Any CPU
		{0EF89B58-B02B-49C0-B8B1-0C57AC023CF6}.Release|Any CPU.Build.0 = Release|Any CPU
		{3139FAD6-60B9-4C9E-87FD-6E7DB6958D08}.Debug|Any CPU.ActiveCfg = Debug|Any CPU
		{3139FAD6-60B9-4C9E-87FD-6E7DB6958D08}.Debug|Any CPU.Build.0 = Debug|Any CPU
		{3139FAD6-60B9-4C9E-87FD-6E7DB6958D08}.Release|Any CPU.ActiveCfg = Release|Any CPU
		{3139FAD6-60B9-4C9E-87FD-6E7DB6958D08}.Release|Any CPU.Build.0 = Release|Any CPU
		{EF1779A9-DC86-44F2-929E-556FD800AE06}.Debug|Any CPU.ActiveCfg = Debug|Any CPU
		{EF1779A9-DC86-44F2-929E-556FD800AE06}.Debug|Any CPU.Build.0 = Debug|Any CPU
		{EF1779A9-DC86-44F2-929E-556FD800AE06}.Release|Any CPU.ActiveCfg = Release|Any CPU
		{EF1779A9-DC86-44F2-929E-556FD800AE06}.Release|Any CPU.Build.0 = Release|Any CPU
		{D92BD54B-C3C6-4C57-B7BF-BD4E80713D25}.Debug|Any CPU.ActiveCfg = Debug|Any CPU
		{D92BD54B-C3C6-4C57-B7BF-BD4E80713D25}.Debug|Any CPU.Build.0 = Debug|Any CPU
		{D92BD54B-C3C6-4C57-B7BF-BD4E80713D25}.Release|Any CPU.ActiveCfg = Release|Any CPU
		{D92BD54B-C3C6-4C57-B7BF-BD4E80713D25}.Release|Any CPU.Build.0 = Release|Any CPU
		{25AF7D02-78D9-4C19-869C-93C37BA8813E}.Debug|Any CPU.ActiveCfg = Debug|Any CPU
		{25AF7D02-78D9-4C19-869C-93C37BA8813E}.Debug|Any CPU.Build.0 = Debug|Any CPU
		{25AF7D02-78D9-4C19-869C-93C37BA8813E}.Release|Any CPU.ActiveCfg = Release|Any CPU
		{25AF7D02-78D9-4C19-869C-93C37BA8813E}.Release|Any CPU.Build.0 = Release|Any CPU
	EndGlobalSection
	GlobalSection(SolutionProperties) = preSolution
		HideSolutionNode = FALSE
	EndGlobalSection
EndGlobal
